
Microsoft Visual Studio Solution File, Format Version 11.00
# Visual C# Express 2010
Project("{FAE04EC0-301F-11D3-BF4B-00C04F79EFBC}") = "SmartDog", "SmartDog.csproj", "{08BAAB54-35A7-4F1A-8352-98A1616A4782}"
EndProject
Global
	GlobalSection(SolutionConfigurationPlatforms) = preSolution
		Debug|Any CPU = Debug|Any CPU
		Release|Any CPU = Release|Any CPU
	EndGlobalSection
	GlobalSection(ProjectConfigurationPlatforms) = postSolution
		{08BAAB54-35A7-4F1A-8352-98A1616A4782}.Debug|Any CPU.ActiveCfg = Debug|Any CPU
		{08BAAB54-35A7-4F1A-8352-98A1616A4782}.Debug|Any CPU.Build.0 = Debug|Any CPU
		{08BAAB54-35A7-4F1A-8352-98A1616A4782}.Release|Any CPU.ActiveCfg = Release|Any CPU
		{08BAAB54-35A7-4F1A-8352-98A1616A4782}.Release|Any CPU.Build.0 = Release|Any CPU
	EndGlobalSection
	GlobalSection(SolutionProperties) = preSolution
		HideSolutionNode = FALSE
	EndGlobalSection
EndGlobal
