
Microsoft Visual Studio Solution File, Format Version 10.00
# Visual C# Express 2008
Project("{FAE04EC0-301F-11D3-BF4B-00C04F79EFBC}") = "ThreadingTest", "ThreadingTest\ThreadingTest.csproj", "{81C8163B-1A49-46D1-8D8D-B319D603297B}"
EndProject
Global
	GlobalSection(SolutionConfigurationPlatforms) = preSolution
		Debug|Any CPU = Debug|Any CPU
		Release|Any CPU = Release|Any CPU
	EndGlobalSection
	GlobalSection(ProjectConfigurationPlatforms) = postSolution
		{81C8163B-1A49-46D1-8D8D-B319D603297B}.Debug|Any CPU.ActiveCfg = Debug|Any CPU
		{81C8163B-1A49-46D1-8D8D-B319D603297B}.Debug|Any CPU.Build.0 = Debug|Any CPU
		{81C8163B-1A49-46D1-8D8D-B319D603297B}.Release|Any CPU.ActiveCfg = Release|Any CPU
		{81C8163B-1A49-46D1-8D8D-B319D603297B}.Release|Any CPU.Build.0 = Release|Any CPU
	EndGlobalSection
	GlobalSection(SolutionProperties) = preSolution
		HideSolutionNode = FALSE
	EndGlobalSection
EndGlobal
